
Microsoft Visual Studio Solution File, Format Version 12.00
# Visual Studio Version 17
VisualStudioVersion = 17.7.34221.43
MinimumVisualStudioVersion = 10.0.40219.1
Project("{9A19103F-16F7-4668-BE54-9A1E7A4F7556}") = "WebProject.Data", "WebProject.Data\WebProject.Data.csproj", "{8CB3CC14-5D58-4840-9907-6890ECE58086}"
EndProject
Project("{9A19103F-16F7-4668-BE54-9A1E7A4F7556}") = "WebProject.Entities", "WebProject.Entities\WebProject.Entities.csproj", "{40626B77-9AD8-4C8B-BE18-093F91F6AE1F}"
EndProject
Project("{9A19103F-16F7-4668-BE54-9A1E7A4F7556}") = "WebProject.MVC", "WebProject.MVC\WebProject.MVC.csproj", "{2DFC7853-B772-4159-BCDE-1C2E7330ABAE}"
EndProject
Project("{FAE04EC0-301F-11D3-BF4B-00C04F79EFBC}") = "WebProject.Shared", "WebProject.Shared\WebProject.Shared.csproj", "{C8560DF3-1577-42D9-8DE7-19EA4DCA1F19}"
EndProject
Project("{FAE04EC0-301F-11D3-BF4B-00C04F79EFBC}") = "WebProject.Services", "WebProject.Services\WebProject.Services.csproj", "{0A52C77E-7D9C-4F5C-A98B-19ED23ED73F2}"
EndProject
Global
	GlobalSection(SolutionConfigurationPlatforms) = preSolution
		Debug|Any CPU = Debug|Any CPU
		Release|Any CPU = Release|Any CPU
	EndGlobalSection
	GlobalSection(ProjectConfigurationPlatforms) = postSolution
		{8CB3CC14-5D58-4840-9907-6890ECE58086}.Debug|Any CPU.ActiveCfg = Debug|Any CPU
		{8CB3CC14-5D58-4840-9907-6890ECE58086}.Debug|Any CPU.Build.0 = Debug|Any CPU
		{8CB3CC14-5D58-4840-9907-6890ECE58086}.Release|Any CPU.ActiveCfg = Release|Any CPU
		{8CB3CC14-5D58-4840-9907-6890ECE58086}.Release|Any CPU.Build.0 = Release|Any CPU
		{40626B77-9AD8-4C8B-BE18-093F91F6AE1F}.Debug|Any CPU.ActiveCfg = Debug|Any CPU
		{40626B77-9AD8-4C8B-BE18-093F91F6AE1F}.Debug|Any CPU.Build.0 = Debug|Any CPU
		{40626B77-9AD8-4C8B-BE18-093F91F6AE1F}.Release|Any CPU.ActiveCfg = Release|Any CPU
		{40626B77-9AD8-4C8B-BE18-093F91F6AE1F}.Release|Any CPU.Build.0 = Release|Any CPU
		{2DFC7853-B772-4159-BCDE-1C2E7330ABAE}.Debug|Any CPU.ActiveCfg = Debug|Any CPU
		{2DFC7853-B772-4159-BCDE-1C2E7330ABAE}.Debug|Any CPU.Build.0 = Debug|Any CPU
		{2DFC7853-B772-4159-BCDE-1C2E7330ABAE}.Release|Any CPU.ActiveCfg = Release|Any CPU
		{2DFC7853-B772-4159-BCDE-1C2E7330ABAE}.Release|Any CPU.Build.0 = Release|Any CPU
		{C8560DF3-1577-42D9-8DE7-19EA4DCA1F19}.Debug|Any CPU.ActiveCfg = Debug|Any CPU
		{C8560DF3-1577-42D9-8DE7-19EA4DCA1F19}.Debug|Any CPU.Build.0 = Debug|Any CPU
		{C8560DF3-1577-42D9-8DE7-19EA4DCA1F19}.Release|Any CPU.ActiveCfg = Release|Any CPU
		{C8560DF3-1577-42D9-8DE7-19EA4DCA1F19}.Release|Any CPU.Build.0 = Release|Any CPU
		{0A52C77E-7D9C-4F5C-A98B-19ED23ED73F2}.Debug|Any CPU.ActiveCfg = Debug|Any CPU
		{0A52C77E-7D9C-4F5C-A98B-19ED23ED73F2}.Debug|Any CPU.Build.0 = Debug|Any CPU
		{0A52C77E-7D9C-4F5C-A98B-19ED23ED73F2}.Release|Any CPU.ActiveCfg = Release|Any CPU
		{0A52C77E-7D9C-4F5C-A98B-19ED23ED73F2}.Release|Any CPU.Build.0 = Release|Any CPU
	EndGlobalSection
	GlobalSection(SolutionProperties) = preSolution
		HideSolutionNode = FALSE
	EndGlobalSection
	GlobalSection(ExtensibilityGlobals) = postSolution
		SolutionGuid = {517811F5-D59A-4A90-A151-8643E99DF317}
	EndGlobalSection
EndGlobal
